
Microsoft Visual Studio Solution File, Format Version 12.00
# Visual Studio Version 17
VisualStudioVersion = 17.11.35219.272
MinimumVisualStudioVersion = 10.0.40219.1
Project("{FAE04EC0-301F-11D3-BF4B-00C04F79EFBC}") = "Product List", "Product List\Product List.csproj", "{A1D80F6C-1319-4ABE-8DDD-474B55B07203}"
EndProject
Global
	GlobalSection(SolutionConfigurationPlatforms) = preSolution
		Debug|Any CPU = Debug|Any CPU
		Release|Any CPU = Release|Any CPU
	EndGlobalSection
	GlobalSection(ProjectConfigurationPlatforms) = postSolution
		{A1D80F6C-1319-4ABE-8DDD-474B55B07203}.Debug|Any CPU.ActiveCfg = Debug|Any CPU
		{A1D80F6C-1319-4ABE-8DDD-474B55B07203}.Debug|Any CPU.Build.0 = Debug|Any CPU
		{A1D80F6C-1319-4ABE-8DDD-474B55B07203}.Release|Any CPU.ActiveCfg = Release|Any CPU
		{A1D80F6C-1319-4ABE-8DDD-474B55B07203}.Release|Any CPU.Build.0 = Release|Any CPU
	EndGlobalSection
	GlobalSection(SolutionProperties) = preSolution
		HideSolutionNode = FALSE
	EndGlobalSection
	GlobalSection(ExtensibilityGlobals) = postSolution
		SolutionGuid = {3BD46595-B962-4077-A10C-BC44CCCC58EC}
	EndGlobalSection
EndGlobal
